
Microsoft Visual Studio Solution File, Format Version 12.00
# Visual Studio Version 17
VisualStudioVersion = 17.10.35027.167
MinimumVisualStudioVersion = 10.0.40219.1
Project("{FAE04EC0-301F-11D3-BF4B-00C04F79EFBC}") = "SB.PruebaTecnica.Domain", "SB.PruebaTecnica.Domain\SB.PruebaTecnica.Domain.csproj", "{495F53CB-19A1-4E03-9D6B-7820A3DCC67D}"
EndProject
Project("{FAE04EC0-301F-11D3-BF4B-00C04F79EFBC}") = "SB.PruebaTecnica.Application", "SB.PruebaTecnica.Application\SB.PruebaTecnica.Application.csproj", "{7F9EF40B-090F-4672-BC84-15E6E8D921E9}"
EndProject
Project("{FAE04EC0-301F-11D3-BF4B-00C04F79EFBC}") = "SB.PruebaTecnica.Infrastructure", "SB.PruebaTecnica.Infrastructure\SB.PruebaTecnica.Infrastructure.csproj", "{36980CE9-B110-44E4-995F-7F50CC6A8A74}"
EndProject
Project("{FAE04EC0-301F-11D3-BF4B-00C04F79EFBC}") = "SB.PruebaTecnica.API", "SB.PruebaTecnica.API\SB.PruebaTecnica.API.csproj", "{8B1C7EF2-C709-4A17-9389-83A4F669673A}"
EndProject
Global
	GlobalSection(SolutionConfigurationPlatforms) = preSolution
		Debug|Any CPU = Debug|Any CPU
		Release|Any CPU = Release|Any CPU
	EndGlobalSection
	GlobalSection(ProjectConfigurationPlatforms) = postSolution
		{495F53CB-19A1-4E03-9D6B-7820A3DCC67D}.Debug|Any CPU.ActiveCfg = Debug|Any CPU
		{495F53CB-19A1-4E03-9D6B-7820A3DCC67D}.Debug|Any CPU.Build.0 = Debug|Any CPU
		{495F53CB-19A1-4E03-9D6B-7820A3DCC67D}.Release|Any CPU.ActiveCfg = Release|Any CPU
		{495F53CB-19A1-4E03-9D6B-7820A3DCC67D}.Release|Any CPU.Build.0 = Release|Any CPU
		{7F9EF40B-090F-4672-BC84-15E6E8D921E9}.Debug|Any CPU.ActiveCfg = Debug|Any CPU
		{7F9EF40B-090F-4672-BC84-15E6E8D921E9}.Debug|Any CPU.Build.0 = Debug|Any CPU
		{7F9EF40B-090F-4672-BC84-15E6E8D921E9}.Release|Any CPU.ActiveCfg = Release|Any CPU
		{7F9EF40B-090F-4672-BC84-15E6E8D921E9}.Release|Any CPU.Build.0 = Release|Any CPU
		{36980CE9-B110-44E4-995F-7F50CC6A8A74}.Debug|Any CPU.ActiveCfg = Debug|Any CPU
		{36980CE9-B110-44E4-995F-7F50CC6A8A74}.Debug|Any CPU.Build.0 = Debug|Any CPU
		{36980CE9-B110-44E4-995F-7F50CC6A8A74}.Release|Any CPU.ActiveCfg = Release|Any CPU
		{36980CE9-B110-44E4-995F-7F50CC6A8A74}.Release|Any CPU.Build.0 = Release|Any CPU
		{8B1C7EF2-C709-4A17-9389-83A4F669673A}.Debug|Any CPU.ActiveCfg = Debug|Any CPU
		{8B1C7EF2-C709-4A17-9389-83A4F669673A}.Debug|Any CPU.Build.0 = Debug|Any CPU
		{8B1C7EF2-C709-4A17-9389-83A4F669673A}.Release|Any CPU.ActiveCfg = Release|Any CPU
		{8B1C7EF2-C709-4A17-9389-83A4F669673A}.Release|Any CPU.Build.0 = Release|Any CPU
	EndGlobalSection
	GlobalSection(SolutionProperties) = preSolution
		HideSolutionNode = FALSE
	EndGlobalSection
	GlobalSection(ExtensibilityGlobals) = postSolution
		SolutionGuid = {4CB931EA-5A46-4076-904B-937986DD17EC}
	EndGlobalSection
EndGlobal
